// !$*UTF8*$!
{
	archiveVersion = 1;
	classes = {
	};
	objectVersion = 56;
	objects = {

/* Begin PBXBuildFile section */
		05C6132B2BE0180A00802E94 /* golfgolfApp.swift in Sources */ = {isa = PBXBuildFile; fileRef = 05C6132A2BE0180A00802E94 /* golfgolfApp.swift */; };
		05C6132D2BE0180A00802E94 /* ContentView.swift in Sources */ = {isa = PBXBuildFile; fileRef = 05C6132C2BE0180A00802E94 /* ContentView.swift */; };
		05C6132F2BE0180A00802E94 /* Item.swift in Sources */ = {isa = PBXBuildFile; fileRef = 05C6132E2BE0180A00802E94 /* Item.swift */; };
		05C613312BE0180C00802E94 /* Assets.xcassets in Resources */ = {isa = PBXBuildFile; fileRef = 05C613302BE0180C00802E94 /* Assets.xcassets */; };
		05C613352BE0180C00802E94 /* Preview Assets.xcassets in Resources */ = {isa = PBXBuildFile; fileRef = 05C613342BE0180C00802E94 /* Preview Assets.xcassets */; };
		05C6133E2BE01ED300802E94 /* HoleView.swift in Sources */ = {isa = PBXBuildFile; fileRef = 05C6133D2BE01ED300802E94 /* HoleView.swift */; };
		05C613502BE0340C00802E94 /* watchgolfgolf Watch App.app in Embed Watch Content */ = {isa = PBXBuildFile; fileRef = 05C613432BE0340B00802E94 /* watchgolfgolf Watch App.app */; settings = {ATTRIBUTES = (RemoveHeadersOnCopy, ); }; };
		05C6137F2BE70F3100802E94 /* FinishGameView.swift in Sources */ = {isa = PBXBuildFile; fileRef = 05C613792BE70F3100802E94 /* FinishGameView.swift */; };
		05C613812BE70F3100802E94 /* HoleView.swift in Sources */ = {isa = PBXBuildFile; fileRef = 05C6137B2BE70F3100802E94 /* HoleView.swift */; };
		05C613822BE70F3100802E94 /* SnapShotView.swift in Sources */ = {isa = PBXBuildFile; fileRef = 05C6137C2BE70F3100802E94 /* SnapShotView.swift */; };
		05C613832BE70F3100802E94 /* watchgolfgolfApp.swift in Sources */ = {isa = PBXBuildFile; fileRef = 05C6137D2BE70F3100802E94 /* watchgolfgolfApp.swift */; };
		05C613842BE70F3100802E94 /* ContentView.swift in Sources */ = {isa = PBXBuildFile; fileRef = 05C6137E2BE70F3100802E94 /* ContentView.swift */; };
		05C613882BE719ED00802E94 /* ConnectivitySessionManager.swift in Sources */ = {isa = PBXBuildFile; fileRef = 05C613872BE719ED00802E94 /* ConnectivitySessionManager.swift */; };
		05C6138A2BE7254900802E94 /* StatsView.swift in Sources */ = {isa = PBXBuildFile; fileRef = 05C613892BE7254900802E94 /* StatsView.swift */; };
		05C613A82BE84E2900802E94 /* watchgolfgolf-Watch-App-Info.plist in Resources */ = {isa = PBXBuildFile; fileRef = 05C613A72BE84E2900802E94 /* watchgolfgolf-Watch-App-Info.plist */; };
		05C613AA2BE85E1C00802E94 /* ConnectivitySessionManager.swift in Sources */ = {isa = PBXBuildFile; fileRef = 05C613872BE719ED00802E94 /* ConnectivitySessionManager.swift */; };
		05C613B02BE861F000802E94 /* StatsModel.swift in Sources */ = {isa = PBXBuildFile; fileRef = 05C613AF2BE861F000802E94 /* StatsModel.swift */; };
		05C613B22BE86DDB00802E94 /* Info.plist in Resources */ = {isa = PBXBuildFile; fileRef = 05C613B12BE86DDB00802E94 /* Info.plist */; };
/* End PBXBuildFile section */

/* Begin PBXContainerItemProxy section */
		05C6134E2BE0340C00802E94 /* PBXContainerItemProxy */ = {
			isa = PBXContainerItemProxy;
			containerPortal = 05C6131F2BE0180A00802E94 /* Project object */;
			proxyType = 1;
			remoteGlobalIDString = 05C613422BE0340B00802E94;
			remoteInfo = "watchgolfgolf Watch App";
		};
/* End PBXContainerItemProxy section */

/* Begin PBXCopyFilesBuildPhase section */
		05C613542BE0340C00802E94 /* Embed Watch Content */ = {
			isa = PBXCopyFilesBuildPhase;
			buildActionMask = 2147483647;
			dstPath = "$(CONTENTS_FOLDER_PATH)/Watch";
			dstSubfolderSpec = 16;
			files = (
				05C613502BE0340C00802E94 /* watchgolfgolf Watch App.app in Embed Watch Content */,
			);
			name = "Embed Watch Content";
			runOnlyForDeploymentPostprocessing = 0;
		};
		05C613A32BE8460600802E94 /* Embed Foundation Extensions */ = {
			isa = PBXCopyFilesBuildPhase;
			buildActionMask = 2147483647;
			dstPath = "";
			dstSubfolderSpec = 13;
			files = (
			);
			name = "Embed Foundation Extensions";
			runOnlyForDeploymentPostprocessing = 0;
		};
/* End PBXCopyFilesBuildPhase section */

/* Begin PBXFileReference section */
		05C613272BE0180A00802E94 /* golfgolf.app */ = {isa = PBXFileReference; explicitFileType = wrapper.application; includeInIndex = 0; path = golfgolf.app; sourceTree = BUILT_PRODUCTS_DIR; };
		05C6132A2BE0180A00802E94 /* golfgolfApp.swift */ = {isa = PBXFileReference; lastKnownFileType = sourcecode.swift; path = golfgolfApp.swift; sourceTree = "<group>"; };
		05C6132C2BE0180A00802E94 /* ContentView.swift */ = {isa = PBXFileReference; lastKnownFileType = sourcecode.swift; path = ContentView.swift; sourceTree = "<group>"; };
		05C6132E2BE0180A00802E94 /* Item.swift */ = {isa = PBXFileReference; lastKnownFileType = sourcecode.swift; path = Item.swift; sourceTree = "<group>"; };
		05C613302BE0180C00802E94 /* Assets.xcassets */ = {isa = PBXFileReference; lastKnownFileType = folder.assetcatalog; path = Assets.xcassets; sourceTree = "<group>"; };
		05C613322BE0180C00802E94 /* golfgolf.entitlements */ = {isa = PBXFileReference; lastKnownFileType = text.plist.entitlements; path = golfgolf.entitlements; sourceTree = "<group>"; };
		05C613342BE0180C00802E94 /* Preview Assets.xcassets */ = {isa = PBXFileReference; lastKnownFileType = folder.assetcatalog; path = "Preview Assets.xcassets"; sourceTree = "<group>"; };
		05C6133D2BE01ED300802E94 /* HoleView.swift */ = {isa = PBXFileReference; lastKnownFileType = sourcecode.swift; path = HoleView.swift; sourceTree = "<group>"; };
		05C613432BE0340B00802E94 /* watchgolfgolf Watch App.app */ = {isa = PBXFileReference; explicitFileType = wrapper.application; includeInIndex = 0; path = "watchgolfgolf Watch App.app"; sourceTree = BUILT_PRODUCTS_DIR; };
		05C613792BE70F3100802E94 /* FinishGameView.swift */ = {isa = PBXFileReference; fileEncoding = 4; lastKnownFileType = sourcecode.swift; name = FinishGameView.swift; path = ../../../.Trash/FinishGameView.swift; sourceTree = "<group>"; };
		05C6137B2BE70F3100802E94 /* HoleView.swift */ = {isa = PBXFileReference; fileEncoding = 4; lastKnownFileType = sourcecode.swift; name = HoleView.swift; path = ../../../.Trash/HoleView.swift; sourceTree = "<group>"; };
		05C6137C2BE70F3100802E94 /* SnapShotView.swift */ = {isa = PBXFileReference; fileEncoding = 4; lastKnownFileType = sourcecode.swift; name = SnapShotView.swift; path = ../../../.Trash/SnapShotView.swift; sourceTree = "<group>"; };
		05C6137D2BE70F3100802E94 /* watchgolfgolfApp.swift */ = {isa = PBXFileReference; fileEncoding = 4; lastKnownFileType = sourcecode.swift; name = watchgolfgolfApp.swift; path = ../../../.Trash/watchgolfgolfApp.swift; sourceTree = "<group>"; };
		05C6137E2BE70F3100802E94 /* ContentView.swift */ = {isa = PBXFileReference; fileEncoding = 4; lastKnownFileType = sourcecode.swift; name = ContentView.swift; path = ../../../.Trash/ContentView.swift; sourceTree = "<group>"; };
		05C613872BE719ED00802E94 /* ConnectivitySessionManager.swift */ = {isa = PBXFileReference; lastKnownFileType = sourcecode.swift; path = ConnectivitySessionManager.swift; sourceTree = "<group>"; };
		05C613892BE7254900802E94 /* StatsView.swift */ = {isa = PBXFileReference; lastKnownFileType = sourcecode.swift; path = StatsView.swift; sourceTree = "<group>"; };
		05C613932BE8460400802E94 /* SwiftUI.framework */ = {isa = PBXFileReference; lastKnownFileType = wrapper.framework; name = SwiftUI.framework; path = System/Library/Frameworks/SwiftUI.framework; sourceTree = SDKROOT; };
		05C613A72BE84E2900802E94 /* watchgolfgolf-Watch-App-Info.plist */ = {isa = PBXFileReference; fileEncoding = 4; lastKnownFileType = text.plist.xml; name = "watchgolfgolf-Watch-App-Info.plist"; path = "../../../.Trash/watchgolfgolf-Watch-App-Info.plist"; sourceTree = "<group>"; };
		05C613A92BE84E9000802E94 /* watchgolfgolf-Watch-App-Info.plist */ = {isa = PBXFileReference; lastKnownFileType = text.plist.xml; path = "watchgolfgolf-Watch-App-Info.plist"; sourceTree = "<group>"; };
		05C613AF2BE861F000802E94 /* StatsModel.swift */ = {isa = PBXFileReference; lastKnownFileType = sourcecode.swift; path = StatsModel.swift; sourceTree = "<group>"; };
		05C613B12BE86DDB00802E94 /* Info.plist */ = {isa = PBXFileReference; fileEncoding = 4; lastKnownFileType = text.plist.xml; path = Info.plist; sourceTree = "<group>"; };
/* End PBXFileReference section */

/* Begin PBXFrameworksBuildPhase section */
		05C613242BE0180A00802E94 /* Frameworks */ = {
			isa = PBXFrameworksBuildPhase;
			buildActionMask = 2147483647;
			files = (
			);
			runOnlyForDeploymentPostprocessing = 0;
		};
		05C613402BE0340B00802E94 /* Frameworks */ = {
			isa = PBXFrameworksBuildPhase;
			buildActionMask = 2147483647;
			files = (
			);
			runOnlyForDeploymentPostprocessing = 0;
		};
/* End PBXFrameworksBuildPhase section */

/* Begin PBXGroup section */
		05C6131E2BE0180A00802E94 = {
			isa = PBXGroup;
			children = (
				05C613292BE0180A00802E94 /* golfgolf */,
				05C613442BE0340B00802E94 /* watchgolfgolf Watch App */,
				05C613902BE8460300802E94 /* Frameworks */,
				05C613282BE0180A00802E94 /* Products */,
			);
			sourceTree = "<group>";
		};
		05C613282BE0180A00802E94 /* Products */ = {
			isa = PBXGroup;
			children = (
				05C613272BE0180A00802E94 /* golfgolf.app */,
				05C613432BE0340B00802E94 /* watchgolfgolf Watch App.app */,
			);
			name = Products;
			sourceTree = "<group>";
		};
		05C613292BE0180A00802E94 /* golfgolf */ = {
			isa = PBXGroup;
			children = (
				05C6132A2BE0180A00802E94 /* golfgolfApp.swift */,
				05C613872BE719ED00802E94 /* ConnectivitySessionManager.swift */,
				05C613AF2BE861F000802E94 /* StatsModel.swift */,
				05C6132C2BE0180A00802E94 /* ContentView.swift */,
				05C613892BE7254900802E94 /* StatsView.swift */,
				05C6133D2BE01ED300802E94 /* HoleView.swift */,
				05C6132E2BE0180A00802E94 /* Item.swift */,
				05C613B12BE86DDB00802E94 /* Info.plist */,
				05C613302BE0180C00802E94 /* Assets.xcassets */,
				05C613322BE0180C00802E94 /* golfgolf.entitlements */,
				05C613332BE0180C00802E94 /* Preview Content */,
			);
			path = golfgolf;
			sourceTree = "<group>";
		};
		05C613332BE0180C00802E94 /* Preview Content */ = {
			isa = PBXGroup;
			children = (
				05C613342BE0180C00802E94 /* Preview Assets.xcassets */,
			);
			path = "Preview Content";
			sourceTree = "<group>";
		};
		05C613442BE0340B00802E94 /* watchgolfgolf Watch App */ = {
			isa = PBXGroup;
			children = (
				05C613A72BE84E2900802E94 /* watchgolfgolf-Watch-App-Info.plist */,
				05C6137D2BE70F3100802E94 /* watchgolfgolfApp.swift */,
				05C6137E2BE70F3100802E94 /* ContentView.swift */,
				05C6137B2BE70F3100802E94 /* HoleView.swift */,
				05C613792BE70F3100802E94 /* FinishGameView.swift */,
				05C6137C2BE70F3100802E94 /* SnapShotView.swift */,
				05C6134B2BE0340C00802E94 /* Preview Content */,
			);
			path = "watchgolfgolf Watch App";
			sourceTree = "<group>";
		};
		05C6134B2BE0340C00802E94 /* Preview Content */ = {
			isa = PBXGroup;
			children = (
				05C613A92BE84E9000802E94 /* watchgolfgolf-Watch-App-Info.plist */,
			);
			path = "Preview Content";
			sourceTree = "<group>";
		};
		05C613902BE8460300802E94 /* Frameworks */ = {
			isa = PBXGroup;
			children = (
				05C613932BE8460400802E94 /* SwiftUI.framework */,
			);
			name = Frameworks;
			sourceTree = "<group>";
		};
/* End PBXGroup section */

/* Begin PBXNativeTarget section */
		05C613262BE0180A00802E94 /* golfgolf */ = {
			isa = PBXNativeTarget;
			buildConfigurationList = 05C613382BE0180C00802E94 /* Build configuration list for PBXNativeTarget "golfgolf" */;
			buildPhases = (
				05C613232BE0180A00802E94 /* Sources */,
				05C613242BE0180A00802E94 /* Frameworks */,
				05C613252BE0180A00802E94 /* Resources */,
				05C613542BE0340C00802E94 /* Embed Watch Content */,
			);
			buildRules = (
			);
			dependencies = (
				05C6134F2BE0340C00802E94 /* PBXTargetDependency */,
			);
			name = golfgolf;
			productName = golfgolf;
			productReference = 05C613272BE0180A00802E94 /* golfgolf.app */;
			productType = "com.apple.product-type.application";
		};
		05C613422BE0340B00802E94 /* watchgolfgolf Watch App */ = {
			isa = PBXNativeTarget;
			buildConfigurationList = 05C613512BE0340C00802E94 /* Build configuration list for PBXNativeTarget "watchgolfgolf Watch App" */;
			buildPhases = (
				05C6133F2BE0340B00802E94 /* Sources */,
				05C613402BE0340B00802E94 /* Frameworks */,
				05C613412BE0340B00802E94 /* Resources */,
				05C613A32BE8460600802E94 /* Embed Foundation Extensions */,
			);
			buildRules = (
			);
			dependencies = (
			);
			name = "watchgolfgolf Watch App";
			productName = "watchgolfgolf Watch App";
			productReference = 05C613432BE0340B00802E94 /* watchgolfgolf Watch App.app */;
			productType = "com.apple.product-type.application";
		};
/* End PBXNativeTarget section */

/* Begin PBXProject section */
		05C6131F2BE0180A00802E94 /* Project object */ = {
			isa = PBXProject;
			attributes = {
				BuildIndependentTargetsInParallel = 1;
				LastSwiftUpdateCheck = 1530;
				LastUpgradeCheck = 1530;
				TargetAttributes = {
					05C613262BE0180A00802E94 = {
						CreatedOnToolsVersion = 15.3;
					};
					05C613422BE0340B00802E94 = {
						CreatedOnToolsVersion = 15.3;
					};
				};
			};
			buildConfigurationList = 05C613222BE0180A00802E94 /* Build configuration list for PBXProject "golfgolf" */;
			compatibilityVersion = "Xcode 14.0";
			developmentRegion = en;
			hasScannedForEncodings = 0;
			knownRegions = (
				en,
				Base,
			);
			mainGroup = 05C6131E2BE0180A00802E94;
			productRefGroup = 05C613282BE0180A00802E94 /* Products */;
			projectDirPath = "";
			projectRoot = "";
			targets = (
				05C613262BE0180A00802E94 /* golfgolf */,
				05C613422BE0340B00802E94 /* watchgolfgolf Watch App */,
			);
		};
/* End PBXProject section */

/* Begin PBXResourcesBuildPhase section */
		05C613252BE0180A00802E94 /* Resources */ = {
			isa = PBXResourcesBuildPhase;
			buildActionMask = 2147483647;
			files = (
				05C613352BE0180C00802E94 /* Preview Assets.xcassets in Resources */,
				05C613312BE0180C00802E94 /* Assets.xcassets in Resources */,
				05C613B22BE86DDB00802E94 /* Info.plist in Resources */,
			);
			runOnlyForDeploymentPostprocessing = 0;
		};
		05C613412BE0340B00802E94 /* Resources */ = {
			isa = PBXResourcesBuildPhase;
			buildActionMask = 2147483647;
			files = (
				05C613A82BE84E2900802E94 /* watchgolfgolf-Watch-App-Info.plist in Resources */,
			);
			runOnlyForDeploymentPostprocessing = 0;
		};
/* End PBXResourcesBuildPhase section */

/* Begin PBXSourcesBuildPhase section */
		05C613232BE0180A00802E94 /* Sources */ = {
			isa = PBXSourcesBuildPhase;
			buildActionMask = 2147483647;
			files = (
				05C6133E2BE01ED300802E94 /* HoleView.swift in Sources */,
				05C613882BE719ED00802E94 /* ConnectivitySessionManager.swift in Sources */,
				05C6138A2BE7254900802E94 /* StatsView.swift in Sources */,
				05C613B02BE861F000802E94 /* StatsModel.swift in Sources */,
				05C6132D2BE0180A00802E94 /* ContentView.swift in Sources */,
				05C6132F2BE0180A00802E94 /* Item.swift in Sources */,
				05C6132B2BE0180A00802E94 /* golfgolfApp.swift in Sources */,
			);
			runOnlyForDeploymentPostprocessing = 0;
		};
		05C6133F2BE0340B00802E94 /* Sources */ = {
			isa = PBXSourcesBuildPhase;
			buildActionMask = 2147483647;
			files = (
				05C613842BE70F3100802E94 /* ContentView.swift in Sources */,
				05C613AA2BE85E1C00802E94 /* ConnectivitySessionManager.swift in Sources */,
				05C6137F2BE70F3100802E94 /* FinishGameView.swift in Sources */,
				05C613832BE70F3100802E94 /* watchgolfgolfApp.swift in Sources */,
				05C613822BE70F3100802E94 /* SnapShotView.swift in Sources */,
				05C613812BE70F3100802E94 /* HoleView.swift in Sources */,
			);
			runOnlyForDeploymentPostprocessing = 0;
		};
/* End PBXSourcesBuildPhase section */

/* Begin PBXTargetDependency section */
		05C6134F2BE0340C00802E94 /* PBXTargetDependency */ = {
			isa = PBXTargetDependency;
			target = 05C613422BE0340B00802E94 /* watchgolfgolf Watch App */;
			targetProxy = 05C6134E2BE0340C00802E94 /* PBXContainerItemProxy */;
		};
/* End PBXTargetDependency section */

/* Begin XCBuildConfiguration section */
		05C613362BE0180C00802E94 /* Debug */ = {
			isa = XCBuildConfiguration;
			buildSettings = {
				ALWAYS_SEARCH_USER_PATHS = NO;
				ASSETCATALOG_COMPILER_GENERATE_SWIFT_ASSET_SYMBOL_EXTENSIONS = YES;
				CLANG_ANALYZER_NONNULL = YES;
				CLANG_ANALYZER_NUMBER_OBJECT_CONVERSION = YES_AGGRESSIVE;
				CLANG_CXX_LANGUAGE_STANDARD = "gnu++20";
				CLANG_ENABLE_MODULES = YES;
				CLANG_ENABLE_OBJC_ARC = YES;
				CLANG_ENABLE_OBJC_WEAK = YES;
				CLANG_WARN_BLOCK_CAPTURE_AUTORELEASING = YES;
				CLANG_WARN_BOOL_CONVERSION = YES;
				CLANG_WARN_COMMA = YES;
				CLANG_WARN_CONSTANT_CONVERSION = YES;
				CLANG_WARN_DEPRECATED_OBJC_IMPLEMENTATIONS = YES;
				CLANG_WARN_DIRECT_OBJC_ISA_USAGE = YES_ERROR;
				CLANG_WARN_DOCUMENTATION_COMMENTS = YES;
				CLANG_WARN_EMPTY_BODY = YES;
				CLANG_WARN_ENUM_CONVERSION = YES;
				CLANG_WARN_INFINITE_RECURSION = YES;
				CLANG_WARN_INT_CONVERSION = YES;
				CLANG_WARN_NON_LITERAL_NULL_CONVERSION = YES;
				CLANG_WARN_OBJC_IMPLICIT_RETAIN_SELF = YES;
				CLANG_WARN_OBJC_LITERAL_CONVERSION = YES;
				CLANG_WARN_OBJC_ROOT_CLASS = YES_ERROR;
				CLANG_WARN_QUOTED_INCLUDE_IN_FRAMEWORK_HEADER = YES;
				CLANG_WARN_RANGE_LOOP_ANALYSIS = YES;
				CLANG_WARN_STRICT_PROTOTYPES = YES;
				CLANG_WARN_SUSPICIOUS_MOVE = YES;
				CLANG_WARN_UNGUARDED_AVAILABILITY = YES_AGGRESSIVE;
				CLANG_WARN_UNREACHABLE_CODE = YES;
				CLANG_WARN__DUPLICATE_METHOD_MATCH = YES;
				COPY_PHASE_STRIP = NO;
				DEBUG_INFORMATION_FORMAT = dwarf;
				ENABLE_STRICT_OBJC_MSGSEND = YES;
				ENABLE_TESTABILITY = YES;
				ENABLE_USER_SCRIPT_SANDBOXING = YES;
				GCC_C_LANGUAGE_STANDARD = gnu17;
				GCC_DYNAMIC_NO_PIC = NO;
				GCC_NO_COMMON_BLOCKS = YES;
				GCC_OPTIMIZATION_LEVEL = 0;
				GCC_PREPROCESSOR_DEFINITIONS = (
					"DEBUG=1",
					"$(inherited)",
				);
				GCC_WARN_64_TO_32_BIT_CONVERSION = YES;
				GCC_WARN_ABOUT_RETURN_TYPE = YES_ERROR;
				GCC_WARN_UNDECLARED_SELECTOR = YES;
				GCC_WARN_UNINITIALIZED_AUTOS = YES_AGGRESSIVE;
				GCC_WARN_UNUSED_FUNCTION = YES;
				GCC_WARN_UNUSED_VARIABLE = YES;
				LOCALIZATION_PREFERS_STRING_CATALOGS = YES;
				MTL_ENABLE_DEBUG_INFO = INCLUDE_SOURCE;
				MTL_FAST_MATH = YES;
				ONLY_ACTIVE_ARCH = YES;
				SWIFT_ACTIVE_COMPILATION_CONDITIONS = "DEBUG $(inherited)";
				SWIFT_OPTIMIZATION_LEVEL = "-Onone";
			};
			name = Debug;
		};
		05C613372BE0180C00802E94 /* Release */ = {
			isa = XCBuildConfiguration;
			buildSettings = {
				ALWAYS_SEARCH_USER_PATHS = NO;
				ASSETCATALOG_COMPILER_GENERATE_SWIFT_ASSET_SYMBOL_EXTENSIONS = YES;
				CLANG_ANALYZER_NONNULL = YES;
				CLANG_ANALYZER_NUMBER_OBJECT_CONVERSION = YES_AGGRESSIVE;
				CLANG_CXX_LANGUAGE_STANDARD = "gnu++20";
				CLANG_ENABLE_MODULES = YES;
				CLANG_ENABLE_OBJC_ARC = YES;
				CLANG_ENABLE_OBJC_WEAK = YES;
				CLANG_WARN_BLOCK_CAPTURE_AUTORELEASING = YES;
				CLANG_WARN_BOOL_CONVERSION = YES;
				CLANG_WARN_COMMA = YES;
				CLANG_WARN_CONSTANT_CONVERSION = YES;
				CLANG_WARN_DEPRECATED_OBJC_IMPLEMENTATIONS = YES;
				CLANG_WARN_DIRECT_OBJC_ISA_USAGE = YES_ERROR;
				CLANG_WARN_DOCUMENTATION_COMMENTS = YES;
				CLANG_WARN_EMPTY_BODY = YES;
				CLANG_WARN_ENUM_CONVERSION = YES;
				CLANG_WARN_INFINITE_RECURSION = YES;
				CLANG_WARN_INT_CONVERSION = YES;
				CLANG_WARN_NON_LITERAL_NULL_CONVERSION = YES;
				CLANG_WARN_OBJC_IMPLICIT_RETAIN_SELF = YES;
				CLANG_WARN_OBJC_LITERAL_CONVERSION = YES;
				CLANG_WARN_OBJC_ROOT_CLASS = YES_ERROR;
				CLANG_WARN_QUOTED_INCLUDE_IN_FRAMEWORK_HEADER = YES;
				CLANG_WARN_RANGE_LOOP_ANALYSIS = YES;
				CLANG_WARN_STRICT_PROTOTYPES = YES;
				CLANG_WARN_SUSPICIOUS_MOVE = YES;
				CLANG_WARN_UNGUARDED_AVAILABILITY = YES_AGGRESSIVE;
				CLANG_WARN_UNREACHABLE_CODE = YES;
				CLANG_WARN__DUPLICATE_METHOD_MATCH = YES;
				COPY_PHASE_STRIP = NO;
				DEBUG_INFORMATION_FORMAT = "dwarf-with-dsym";
				ENABLE_NS_ASSERTIONS = NO;
				ENABLE_STRICT_OBJC_MSGSEND = YES;
				ENABLE_USER_SCRIPT_SANDBOXING = YES;
				GCC_C_LANGUAGE_STANDARD = gnu17;
				GCC_NO_COMMON_BLOCKS = YES;
				GCC_WARN_64_TO_32_BIT_CONVERSION = YES;
				GCC_WARN_ABOUT_RETURN_TYPE = YES_ERROR;
				GCC_WARN_UNDECLARED_SELECTOR = YES;
				GCC_WARN_UNINITIALIZED_AUTOS = YES_AGGRESSIVE;
				GCC_WARN_UNUSED_FUNCTION = YES;
				GCC_WARN_UNUSED_VARIABLE = YES;
				LOCALIZATION_PREFERS_STRING_CATALOGS = YES;
				MTL_ENABLE_DEBUG_INFO = NO;
				MTL_FAST_MATH = YES;
				SWIFT_COMPILATION_MODE = wholemodule;
			};
			name = Release;
		};
		05C613392BE0180C00802E94 /* Debug */ = {
			isa = XCBuildConfiguration;
			buildSettings = {
				ALWAYS_EMBED_SWIFT_STANDARD_LIBRARIES = YES;
				ASSETCATALOG_COMPILER_APPICON_NAME = AppIcon;
				ASSETCATALOG_COMPILER_GLOBAL_ACCENT_COLOR_NAME = AccentColor;
				CODE_SIGN_ENTITLEMENTS = golfgolf/golfgolf.entitlements;
				CODE_SIGN_STYLE = Automatic;
				CURRENT_PROJECT_VERSION = 1;
				DEVELOPMENT_ASSET_PATHS = "\"golfgolf/Preview Content\"";
				DEVELOPMENT_TEAM = HZD75MW6ZL;
				ENABLE_HARDENED_RUNTIME = YES;
				ENABLE_PREVIEWS = YES;
				GENERATE_INFOPLIST_FILE = YES;
				INFOPLIST_KEY_CFBundleDisplayName = GolfGolf;
				INFOPLIST_KEY_LSApplicationCategoryType = "public.app-category.sports";
				"INFOPLIST_KEY_UIApplicationSceneManifest_Generation[sdk=iphoneos*]" = YES;
				"INFOPLIST_KEY_UIApplicationSceneManifest_Generation[sdk=iphonesimulator*]" = YES;
				"INFOPLIST_KEY_UIApplicationSupportsIndirectInputEvents[sdk=iphoneos*]" = YES;
				"INFOPLIST_KEY_UIApplicationSupportsIndirectInputEvents[sdk=iphonesimulator*]" = YES;
				"INFOPLIST_KEY_UILaunchScreen_Generation[sdk=iphoneos*]" = YES;
				"INFOPLIST_KEY_UILaunchScreen_Generation[sdk=iphonesimulator*]" = YES;
				"INFOPLIST_KEY_UIStatusBarStyle[sdk=iphoneos*]" = UIStatusBarStyleDefault;
				"INFOPLIST_KEY_UIStatusBarStyle[sdk=iphonesimulator*]" = UIStatusBarStyleDefault;
				INFOPLIST_KEY_UISupportedInterfaceOrientations_iPad = "UIInterfaceOrientationPortrait UIInterfaceOrientationPortraitUpsideDown UIInterfaceOrientationLandscapeLeft UIInterfaceOrientationLandscapeRight";
				INFOPLIST_KEY_UISupportedInterfaceOrientations_iPhone = "UIInterfaceOrientationPortrait UIInterfaceOrientationLandscapeLeft UIInterfaceOrientationLandscapeRight";
				IPHONEOS_DEPLOYMENT_TARGET = 17.4;
				LD_RUNPATH_SEARCH_PATHS = "@executable_path/Frameworks";
				"LD_RUNPATH_SEARCH_PATHS[sdk=macosx*]" = "@executable_path/../Frameworks";
				MACOSX_DEPLOYMENT_TARGET = 14.0;
				MARKETING_VERSION = 1.0;
				PRODUCT_BUNDLE_IDENTIFIER = lasermatts.golfgolf;
				PRODUCT_NAME = "$(TARGET_NAME)";
				SDKROOT = auto;
				SUPPORTED_PLATFORMS = "iphoneos iphonesimulator";
				SUPPORTS_MACCATALYST = NO;
				SWIFT_EMIT_LOC_STRINGS = YES;
				SWIFT_VERSION = 5.0;
				TARGETED_DEVICE_FAMILY = 1;
			};
			name = Debug;
		};
		05C6133A2BE0180C00802E94 /* Release */ = {
			isa = XCBuildConfiguration;
			buildSettings = {
				ALWAYS_EMBED_SWIFT_STANDARD_LIBRARIES = YES;
				ASSETCATALOG_COMPILER_APPICON_NAME = AppIcon;
				ASSETCATALOG_COMPILER_GLOBAL_ACCENT_COLOR_NAME = AccentColor;
				CODE_SIGN_ENTITLEMENTS = golfgolf/golfgolf.entitlements;
				CODE_SIGN_STYLE = Automatic;
				CURRENT_PROJECT_VERSION = 1;
				DEVELOPMENT_ASSET_PATHS = "\"golfgolf/Preview Content\"";
				DEVELOPMENT_TEAM = HZD75MW6ZL;
				ENABLE_HARDENED_RUNTIME = YES;
				ENABLE_PREVIEWS = YES;
				GENERATE_INFOPLIST_FILE = YES;
				INFOPLIST_KEY_CFBundleDisplayName = GolfGolf;
				INFOPLIST_KEY_LSApplicationCategoryType = "public.app-category.sports";
				"INFOPLIST_KEY_UIApplicationSceneManifest_Generation[sdk=iphoneos*]" = YES;
				"INFOPLIST_KEY_UIApplicationSceneManifest_Generation[sdk=iphonesimulator*]" = YES;
				"INFOPLIST_KEY_UIApplicationSupportsIndirectInputEvents[sdk=iphoneos*]" = YES;
				"INFOPLIST_KEY_UIApplicationSupportsIndirectInputEvents[sdk=iphonesimulator*]" = YES;
				"INFOPLIST_KEY_UILaunchScreen_Generation[sdk=iphoneos*]" = YES;
				"INFOPLIST_KEY_UILaunchScreen_Generation[sdk=iphonesimulator*]" = YES;
				"INFOPLIST_KEY_UIStatusBarStyle[sdk=*]" = "";
				"INFOPLIST_KEY_UIStatusBarStyle[sdk=iphoneos*]" = UIStatusBarStyleDefault;
				"INFOPLIST_KEY_UIStatusBarStyle[sdk=iphonesimulator*]" = UIStatusBarStyleDefault;
				INFOPLIST_KEY_UISupportedInterfaceOrientations_iPad = "UIInterfaceOrientationPortrait UIInterfaceOrientationPortraitUpsideDown UIInterfaceOrientationLandscapeLeft UIInterfaceOrientationLandscapeRight";
				INFOPLIST_KEY_UISupportedInterfaceOrientations_iPhone = "UIInterfaceOrientationPortrait UIInterfaceOrientationLandscapeLeft UIInterfaceOrientationLandscapeRight";
				IPHONEOS_DEPLOYMENT_TARGET = 17.4;
				LD_RUNPATH_SEARCH_PATHS = "@executable_path/Frameworks";
				"LD_RUNPATH_SEARCH_PATHS[sdk=macosx*]" = "@executable_path/../Frameworks";
				MACOSX_DEPLOYMENT_TARGET = 14.0;
				MARKETING_VERSION = 1.0;
				PRODUCT_BUNDLE_IDENTIFIER = lasermatts.golfgolf;
				PRODUCT_NAME = "$(TARGET_NAME)";
				SDKROOT = auto;
				SUPPORTED_PLATFORMS = "iphoneos iphonesimulator";
				SUPPORTS_MACCATALYST = NO;
				SWIFT_EMIT_LOC_STRINGS = YES;
				SWIFT_VERSION = 5.0;
				TARGETED_DEVICE_FAMILY = 1;
			};
			name = Release;
		};
		05C613522BE0340C00802E94 /* Debug */ = {
			isa = XCBuildConfiguration;
			buildSettings = {
				ALWAYS_EMBED_SWIFT_STANDARD_LIBRARIES = YES;
				ASSETCATALOG_COMPILER_APPICON_NAME = AppIcon;
				ASSETCATALOG_COMPILER_GLOBAL_ACCENT_COLOR_NAME = AccentColor;
				CODE_SIGN_STYLE = Automatic;
				CURRENT_PROJECT_VERSION = 1;
				DEVELOPMENT_ASSET_PATHS = "\"watchgolfgolf Watch App/Preview Content\"";
				DEVELOPMENT_TEAM = HZD75MW6ZL;
				ENABLE_PREVIEWS = YES;
				GENERATE_INFOPLIST_FILE = YES;
				INFOPLIST_FILE = "watchgolfgolf-Watch-App-Info.plist";
				INFOPLIST_KEY_CFBundleDisplayName = GolfGolf;
				INFOPLIST_KEY_UISupportedInterfaceOrientations = "UIInterfaceOrientationPortrait UIInterfaceOrientationPortraitUpsideDown";
				INFOPLIST_KEY_WKCompanionAppBundleIdentifier = lasermatts.golfgolf;
				LD_RUNPATH_SEARCH_PATHS = (
					"$(inherited)",
					"@executable_path/Frameworks",
				);
				MARKETING_VERSION = 1.0;
				PRODUCT_BUNDLE_IDENTIFIER = lasermatts.golfgolf.watchkitapp;
				PRODUCT_NAME = "$(TARGET_NAME)";
				SDKROOT = watchos;
				SKIP_INSTALL = YES;
				SWIFT_EMIT_LOC_STRINGS = YES;
				SWIFT_VERSION = 5.0;
				TARGETED_DEVICE_FAMILY = 4;
				WATCHOS_DEPLOYMENT_TARGET = 10.4;
			};
			name = Debug;
		};
		05C613532BE0340C00802E94 /* Release */ = {
			isa = XCBuildConfiguration;
			buildSettings = {
				ALWAYS_EMBED_SWIFT_STANDARD_LIBRARIES = YES;
				ASSETCATALOG_COMPILER_APPICON_NAME = AppIcon;
				ASSETCATALOG_COMPILER_GLOBAL_ACCENT_COLOR_NAME = AccentColor;
				CODE_SIGN_STYLE = Automatic;
				CURRENT_PROJECT_VERSION = 1;
				DEVELOPMENT_ASSET_PATHS = "\"watchgolfgolf Watch App/Preview Content\"";
				DEVELOPMENT_TEAM = HZD75MW6ZL;
				ENABLE_PREVIEWS = YES;
				GENERATE_INFOPLIST_FILE = YES;
				INFOPLIST_FILE = "watchgolfgolf-Watch-App-Info.plist";
				INFOPLIST_KEY_CFBundleDisplayName = GolfGolf;
				INFOPLIST_KEY_UISupportedInterfaceOrientations = "UIInterfaceOrientationPortrait UIInterfaceOrientationPortraitUpsideDown";
				INFOPLIST_KEY_WKCompanionAppBundleIdentifier = lasermatts.golfgolf;
				LD_RUNPATH_SEARCH_PATHS = (
					"$(inherited)",
					"@executable_path/Frameworks",
				);
				MARKETING_VERSION = 1.0;
				PRODUCT_BUNDLE_IDENTIFIER = lasermatts.golfgolf.watchkitapp;
				PRODUCT_NAME = "$(TARGET_NAME)";
				SDKROOT = watchos;
				SKIP_INSTALL = YES;
				SWIFT_EMIT_LOC_STRINGS = YES;
				SWIFT_VERSION = 5.0;
				TARGETED_DEVICE_FAMILY = 4;
				VALIDATE_PRODUCT = YES;
				WATCHOS_DEPLOYMENT_TARGET = 10.4;
			};
			name = Release;
		};
/* End XCBuildConfiguration section */

/* Begin XCConfigurationList section */
		05C613222BE0180A00802E94 /* Build configuration list for PBXProject "golfgolf" */ = {
			isa = XCConfigurationList;
			buildConfigurations = (
				05C613362BE0180C00802E94 /* Debug */,
				05C613372BE0180C00802E94 /* Release */,
			);
			defaultConfigurationIsVisible = 0;
			defaultConfigurationName = Release;
		};
		05C613382BE0180C00802E94 /* Build configuration list for PBXNativeTarget "golfgolf" */ = {
			isa = XCConfigurationList;
			buildConfigurations = (
				05C613392BE0180C00802E94 /* Debug */,
				05C6133A2BE0180C00802E94 /* Release */,
			);
			defaultConfigurationIsVisible = 0;
			defaultConfigurationName = Release;
		};
		05C613512BE0340C00802E94 /* Build configuration list for PBXNativeTarget "watchgolfgolf Watch App" */ = {
			isa = XCConfigurationList;
			buildConfigurations = (
				05C613522BE0340C00802E94 /* Debug */,
				05C613532BE0340C00802E94 /* Release */,
			);
			defaultConfigurationIsVisible = 0;
			defaultConfigurationName = Release;
		};
/* End XCConfigurationList section */
	};
	rootObject = 05C6131F2BE0180A00802E94 /* Project object */;
}
